
Microsoft Visual Studio Solution File, Format Version 12.00
# Visual Studio 15
VisualStudioVersion = 15.0.27428.2015
MinimumVisualStudioVersion = 10.0.40219.1
Project("{FAE04EC0-301F-11D3-BF4B-00C04F79EFBC}") = "DavesERP", "DavesERP\DavesERP.csproj", "{3930D6FE-2CFC-4AD1-9B27-BEEB9111796F}"
EndProject
Project("{FAE04EC0-301F-11D3-BF4B-00C04F79EFBC}") = "DavesSales", "DavesSales\DavesSales.csproj", "{D45750B5-C1F6-47ED-9062-36088174DB38}"
EndProject
Project("{FAE04EC0-301F-11D3-BF4B-00C04F79EFBC}") = "DavesInterfaces", "DavesInterfaces\DavesInterfaces.csproj", "{24B64BD3-B837-46F0-BBD4-E9E20FFA55EC}"
EndProject
Global
	GlobalSection(SolutionConfigurationPlatforms) = preSolution
		Debug|Any CPU = Debug|Any CPU
		Release|Any CPU = Release|Any CPU
	EndGlobalSection
	GlobalSection(ProjectConfigurationPlatforms) = postSolution
		{3930D6FE-2CFC-4AD1-9B27-BEEB9111796F}.Debug|Any CPU.ActiveCfg = Debug|Any CPU
		{3930D6FE-2CFC-4AD1-9B27-BEEB9111796F}.Debug|Any CPU.Build.0 = Debug|Any CPU
		{3930D6FE-2CFC-4AD1-9B27-BEEB9111796F}.Release|Any CPU.ActiveCfg = Release|Any CPU
		{3930D6FE-2CFC-4AD1-9B27-BEEB9111796F}.Release|Any CPU.Build.0 = Release|Any CPU
		{D45750B5-C1F6-47ED-9062-36088174DB38}.Debug|Any CPU.ActiveCfg = Debug|Any CPU
		{D45750B5-C1F6-47ED-9062-36088174DB38}.Debug|Any CPU.Build.0 = Debug|Any CPU
		{D45750B5-C1F6-47ED-9062-36088174DB38}.Release|Any CPU.ActiveCfg = Release|Any CPU
		{D45750B5-C1F6-47ED-9062-36088174DB38}.Release|Any CPU.Build.0 = Release|Any CPU
		{24B64BD3-B837-46F0-BBD4-E9E20FFA55EC}.Debug|Any CPU.ActiveCfg = Debug|Any CPU
		{24B64BD3-B837-46F0-BBD4-E9E20FFA55EC}.Debug|Any CPU.Build.0 = Debug|Any CPU
		{24B64BD3-B837-46F0-BBD4-E9E20FFA55EC}.Release|Any CPU.ActiveCfg = Release|Any CPU
		{24B64BD3-B837-46F0-BBD4-E9E20FFA55EC}.Release|Any CPU.Build.0 = Release|Any CPU
	EndGlobalSection
	GlobalSection(SolutionProperties) = preSolution
		HideSolutionNode = FALSE
	EndGlobalSection
	GlobalSection(ExtensibilityGlobals) = postSolution
		SolutionGuid = {08104872-FB84-45F4-87B7-55070790A161}
	EndGlobalSection
EndGlobal
